
Microsoft Visual Studio Solution File, Format Version 12.00
# Visual Studio Version 17
VisualStudioVersion = 17.8.34322.80
MinimumVisualStudioVersion = 10.0.40219.1
Project("{9A19103F-16F7-4668-BE54-9A1E7A4F7556}") = "PerformanceTests", "PerformanceTests.csproj", "{3996EF9F-37B8-4BC3-AFD2-AB49C6CCA1E8}"
EndProject
Project("{2150E333-8FDC-42A3-9474-1A3956D46DE8}") = "Solution Items", "Solution Items", "{949A409A-A0B6-4D3C-A8CB-86CC70C6825C}"
	ProjectSection(SolutionItems) = preProject
		.github\workflows\benchmarks.yml = .github\workflows\benchmarks.yml
	EndProjectSection
EndProject
Global
	GlobalSection(SolutionConfigurationPlatforms) = preSolution
		Debug|Any CPU = Debug|Any CPU
		Release|Any CPU = Release|Any CPU
	EndGlobalSection
	GlobalSection(ProjectConfigurationPlatforms) = postSolution
		{3996EF9F-37B8-4BC3-AFD2-AB49C6CCA1E8}.Debug|Any CPU.ActiveCfg = Debug|Any CPU
		{3996EF9F-37B8-4BC3-AFD2-AB49C6CCA1E8}.Debug|Any CPU.Build.0 = Debug|Any CPU
		{3996EF9F-37B8-4BC3-AFD2-AB49C6CCA1E8}.Release|Any CPU.ActiveCfg = Release|Any CPU
		{3996EF9F-37B8-4BC3-AFD2-AB49C6CCA1E8}.Release|Any CPU.Build.0 = Release|Any CPU
	EndGlobalSection
	GlobalSection(SolutionProperties) = preSolution
		HideSolutionNode = FALSE
	EndGlobalSection
	GlobalSection(ExtensibilityGlobals) = postSolution
		SolutionGuid = {4453E030-9753-4602-8587-FBF5FFFF8801}
	EndGlobalSection
EndGlobal
